# This file was autogenerated by Stack.
# You should not edit this file by hand.
# For more information, please see the documentation at:
#   https://docs.haskellstack.org/en/stable/lock_files

packages: []
snapshots:
- completed:
    sha256: 6d3227aac0bbb1fa0b02c63bbd88cfc9453549159bfc1eb8077b8992d7b8bc4f
    size: 535259
    url: https://raw.githubusercontent.com/commercialhaskell/stackage-snapshots/master/lts/9/8.yaml
  original: lts-9.8
